// !$*UTF8*$!
{
	archiveVersion = 1;
	classes = {
	};
	objectVersion = 50;
	objects = {

/* Begin PBXBuildFile section */
		045C657E23BE3B550082B270 /* AppDelegate.swift in Sources */ = {isa = PBXBuildFile; fileRef = 045C657D23BE3B550082B270 /* AppDelegate.swift */; };
		045C658023BE3B550082B270 /* SceneDelegate.swift in Sources */ = {isa = PBXBuildFile; fileRef = 045C657F23BE3B550082B270 /* SceneDelegate.swift */; };
		045C658323BE3B550082B270 /* Goaler_list.xcdatamodeld in Sources */ = {isa = PBXBuildFile; fileRef = 045C658123BE3B550082B270 /* Goaler_list.xcdatamodeld */; };
		045C658523BE3B550082B270 /* ContentView.swift in Sources */ = {isa = PBXBuildFile; fileRef = 045C658423BE3B550082B270 /* ContentView.swift */; };
		045C658723BE3B560082B270 /* Assets.xcassets in Resources */ = {isa = PBXBuildFile; fileRef = 045C658623BE3B560082B270 /* Assets.xcassets */; };
		045C658A23BE3B560082B270 /* Preview Assets.xcassets in Resources */ = {isa = PBXBuildFile; fileRef = 045C658923BE3B560082B270 /* Preview Assets.xcassets */; };
		045C658D23BE3B560082B270 /* LaunchScreen.storyboard in Resources */ = {isa = PBXBuildFile; fileRef = 045C658B23BE3B560082B270 /* LaunchScreen.storyboard */; };
		045C659523BE3B890082B270 /* Main.storyboard in Resources */ = {isa = PBXBuildFile; fileRef = 045C659423BE3B890082B270 /* Main.storyboard */; };
		045C659723BE3D920082B270 /* TableViewController.swift in Sources */ = {isa = PBXBuildFile; fileRef = 045C659623BE3D920082B270 /* TableViewController.swift */; };
		045C659923BE3DD90082B270 /* Model.swift in Sources */ = {isa = PBXBuildFile; fileRef = 045C659823BE3DD90082B270 /* Model.swift */; };
/* End PBXBuildFile section */

/* Begin PBXFileReference section */
		045C657A23BE3B550082B270 /* Goaler-list.app */ = {isa = PBXFileReference; explicitFileType = wrapper.application; includeInIndex = 0; path = "Goaler-list.app"; sourceTree = BUILT_PRODUCTS_DIR; };
		045C657D23BE3B550082B270 /* AppDelegate.swift */ = {isa = PBXFileReference; lastKnownFileType = sourcecode.swift; path = AppDelegate.swift; sourceTree = "<group>"; };
		045C657F23BE3B550082B270 /* SceneDelegate.swift */ = {isa = PBXFileReference; lastKnownFileType = sourcecode.swift; path = SceneDelegate.swift; sourceTree = "<group>"; };
		045C658223BE3B550082B270 /* Goaler_list.xcdatamodel */ = {isa = PBXFileReference; lastKnownFileType = wrapper.xcdatamodel; path = Goaler_list.xcdatamodel; sourceTree = "<group>"; };
		045C658423BE3B550082B270 /* ContentView.swift */ = {isa = PBXFileReference; lastKnownFileType = sourcecode.swift; path = ContentView.swift; sourceTree = "<group>"; };
		045C658623BE3B560082B270 /* Assets.xcassets */ = {isa = PBXFileReference; lastKnownFileType = folder.assetcatalog; path = Assets.xcassets; sourceTree = "<group>"; };
		045C658923BE3B560082B270 /* Preview Assets.xcassets */ = {isa = PBXFileReference; lastKnownFileType = folder.assetcatalog; path = "Preview Assets.xcassets"; sourceTree = "<group>"; };
		045C658C23BE3B560082B270 /* Base */ = {isa = PBXFileReference; lastKnownFileType = file.storyboard; name = Base; path = Base.lproj/LaunchScreen.storyboard; sourceTree = "<group>"; };
		045C658E23BE3B560082B270 /* Info.plist */ = {isa = PBXFileReference; lastKnownFileType = text.plist.xml; path = Info.plist; sourceTree = "<group>"; };
		045C659423BE3B890082B270 /* Main.storyboard */ = {isa = PBXFileReference; lastKnownFileType = file.storyboard; path = Main.storyboard; sourceTree = "<group>"; };
		045C659623BE3D920082B270 /* TableViewController.swift */ = {isa = PBXFileReference; lastKnownFileType = sourcecode.swift; path = TableViewController.swift; sourceTree = "<group>"; };
		045C659823BE3DD90082B270 /* Model.swift */ = {isa = PBXFileReference; lastKnownFileType = sourcecode.swift; path = Model.swift; sourceTree = "<group>"; };
/* End PBXFileReference section */

/* Begin PBXFrameworksBuildPhase section */
		045C657723BE3B550082B270 /* Frameworks */ = {
			isa = PBXFrameworksBuildPhase;
			buildActionMask = 2147483647;
			files = (
			);
			runOnlyForDeploymentPostprocessing = 0;
		};
/* End PBXFrameworksBuildPhase section */

/* Begin PBXGroup section */
		045C657123BE3B550082B270 = {
			isa = PBXGroup;
			children = (
				045C657C23BE3B550082B270 /* Goaler-list */,
				045C657B23BE3B550082B270 /* Products */,
			);
			sourceTree = "<group>";
		};
		045C657B23BE3B550082B270 /* Products */ = {
			isa = PBXGroup;
			children = (
				045C657A23BE3B550082B270 /* Goaler-list.app */,
			);
			name = Products;
			sourceTree = "<group>";
		};
		045C657C23BE3B550082B270 /* Goaler-list */ = {
			isa = PBXGroup;
			children = (
				045C659423BE3B890082B270 /* Main.storyboard */,
				045C659823BE3DD90082B270 /* Model.swift */,
				045C657D23BE3B550082B270 /* AppDelegate.swift */,
				045C657F23BE3B550082B270 /* SceneDelegate.swift */,
				045C658423BE3B550082B270 /* ContentView.swift */,
				045C658623BE3B560082B270 /* Assets.xcassets */,
				045C658B23BE3B560082B270 /* LaunchScreen.storyboard */,
				045C658E23BE3B560082B270 /* Info.plist */,
				045C658123BE3B550082B270 /* Goaler_list.xcdatamodeld */,
				045C658823BE3B560082B270 /* Preview Content */,
				045C659623BE3D920082B270 /* TableViewController.swift */,
			);
			path = "Goaler-list";
			sourceTree = "<group>";
		};
		045C658823BE3B560082B270 /* Preview Content */ = {
			isa = PBXGroup;
			children = (
				045C658923BE3B560082B270 /* Preview Assets.xcassets */,
			);
			path = "Preview Content";
			sourceTree = "<group>";
		};
/* End PBXGroup section */

/* Begin PBXNativeTarget section */
		045C657923BE3B550082B270 /* Goaler-list */ = {
			isa = PBXNativeTarget;
			buildConfigurationList = 045C659123BE3B560082B270 /* Build configuration list for PBXNativeTarget "Goaler-list" */;
			buildPhases = (
				045C657623BE3B550082B270 /* Sources */,
				045C657723BE3B550082B270 /* Frameworks */,
				045C657823BE3B550082B270 /* Resources */,
			);
			buildRules = (
			);
			dependencies = (
			);
			name = "Goaler-list";
			productName = "Goaler-list";
			productReference = 045C657A23BE3B550082B270 /* Goaler-list.app */;
			productType = "com.apple.product-type.application";
		};
/* End PBXNativeTarget section */

/* Begin PBXProject section */
		045C657223BE3B550082B270 /* Project object */ = {
			isa = PBXProject;
			attributes = {
				LastSwiftUpdateCheck = 1120;
				LastUpgradeCheck = 1120;
				ORGANIZATIONNAME = Lyzhenkoff;
				TargetAttributes = {
					045C657923BE3B550082B270 = {
						CreatedOnToolsVersion = 11.2.1;
					};
				};
			};
			buildConfigurationList = 045C657523BE3B550082B270 /* Build configuration list for PBXProject "Goaler-list" */;
			compatibilityVersion = "Xcode 9.3";
			developmentRegion = en;
			hasScannedForEncodings = 0;
			knownRegions = (
				en,
				Base,
			);
			mainGroup = 045C657123BE3B550082B270;
			productRefGroup = 045C657B23BE3B550082B270 /* Products */;
			projectDirPath = "";
			projectRoot = "";
			targets = (
				045C657923BE3B550082B270 /* Goaler-list */,
			);
		};
/* End PBXProject section */

/* Begin PBXResourcesBuildPhase section */
		045C657823BE3B550082B270 /* Resources */ = {
			isa = PBXResourcesBuildPhase;
			buildActionMask = 2147483647;
			files = (
				045C658D23BE3B560082B270 /* LaunchScreen.storyboard in Resources */,
				045C658A23BE3B560082B270 /* Preview Assets.xcassets in Resources */,
				045C658723BE3B560082B270 /* Assets.xcassets in Resources */,
				045C659523BE3B890082B270 /* Main.storyboard in Resources */,
			);
			runOnlyForDeploymentPostprocessing = 0;
		};
/* End PBXResourcesBuildPhase section */

/* Begin PBXSourcesBuildPhase section */
		045C657623BE3B550082B270 /* Sources */ = {
			isa = PBXSourcesBuildPhase;
			buildActionMask = 2147483647;
			files = (
				045C657E23BE3B550082B270 /* AppDelegate.swift in Sources */,
				045C658323BE3B550082B270 /* Goaler_list.xcdatamodeld in Sources */,
				045C658523BE3B550082B270 /* ContentView.swift in Sources */,
				045C659923BE3DD90082B270 /* Model.swift in Sources */,
				045C659723BE3D920082B270 /* TableViewController.swift in Sources */,
				045C658023BE3B550082B270 /* SceneDelegate.swift in Sources */,
			);
			runOnlyForDeploymentPostprocessing = 0;
		};
/* End PBXSourcesBuildPhase section */

/* Begin PBXVariantGroup section */
		045C658B23BE3B560082B270 /* LaunchScreen.storyboard */ = {
			isa = PBXVariantGroup;
			children = (
				045C658C23BE3B560082B270 /* Base */,
			);
			name = LaunchScreen.storyboard;
			sourceTree = "<group>";
		};
/* End PBXVariantGroup section */

/* Begin XCBuildConfiguration section */
		045C658F23BE3B560082B270 /* Debug */ = {
			isa = XCBuildConfiguration;
			buildSettings = {
				ALWAYS_SEARCH_USER_PATHS = NO;
				CLANG_ANALYZER_NONNULL = YES;
				CLANG_ANALYZER_NUMBER_OBJECT_CONVERSION = YES_AGGRESSIVE;
				CLANG_CXX_LANGUAGE_STANDARD = "gnu++14";
				CLANG_CXX_LIBRARY = "libc++";
				CLANG_ENABLE_MODULES = YES;
				CLANG_ENABLE_OBJC_ARC = YES;
				CLANG_ENABLE_OBJC_WEAK = YES;
				CLANG_WARN_BLOCK_CAPTURE_AUTORELEASING = YES;
				CLANG_WARN_BOOL_CONVERSION = YES;
				CLANG_WARN_COMMA = YES;
				CLANG_WARN_CONSTANT_CONVERSION = YES;
				CLANG_WARN_DEPRECATED_OBJC_IMPLEMENTATIONS = YES;
				CLANG_WARN_DIRECT_OBJC_ISA_USAGE = YES_ERROR;
				CLANG_WARN_DOCUMENTATION_COMMENTS = YES;
				CLANG_WARN_EMPTY_BODY = YES;
				CLANG_WARN_ENUM_CONVERSION = YES;
				CLANG_WARN_INFINITE_RECURSION = YES;
				CLANG_WARN_INT_CONVERSION = YES;
				CLANG_WARN_NON_LITERAL_NULL_CONVERSION = YES;
				CLANG_WARN_OBJC_IMPLICIT_RETAIN_SELF = YES;
				CLANG_WARN_OBJC_LITERAL_CONVERSION = YES;
				CLANG_WARN_OBJC_ROOT_CLASS = YES_ERROR;
				CLANG_WARN_RANGE_LOOP_ANALYSIS = YES;
				CLANG_WARN_STRICT_PROTOTYPES = YES;
				CLANG_WARN_SUSPICIOUS_MOVE = YES;
				CLANG_WARN_UNGUARDED_AVAILABILITY = YES_AGGRESSIVE;
				CLANG_WARN_UNREACHABLE_CODE = YES;
				CLANG_WARN__DUPLICATE_METHOD_MATCH = YES;
				COPY_PHASE_STRIP = NO;
				DEBUG_INFORMATION_FORMAT = dwarf;
				ENABLE_STRICT_OBJC_MSGSEND = YES;
				ENABLE_TESTABILITY = YES;
				GCC_C_LANGUAGE_STANDARD = gnu11;
				GCC_DYNAMIC_NO_PIC = NO;
				GCC_NO_COMMON_BLOCKS = YES;
				GCC_OPTIMIZATION_LEVEL = 0;
				GCC_PREPROCESSOR_DEFINITIONS = (
					"DEBUG=1",
					"$(inherited)",
				);
				GCC_WARN_64_TO_32_BIT_CONVERSION = YES;
				GCC_WARN_ABOUT_RETURN_TYPE = YES_ERROR;
				GCC_WARN_UNDECLARED_SELECTOR = YES;
				GCC_WARN_UNINITIALIZED_AUTOS = YES_AGGRESSIVE;
				GCC_WARN_UNUSED_FUNCTION = YES;
				GCC_WARN_UNUSED_VARIABLE = YES;
				IPHONEOS_DEPLOYMENT_TARGET = 13.2;
				MTL_ENABLE_DEBUG_INFO = INCLUDE_SOURCE;
				MTL_FAST_MATH = YES;
				ONLY_ACTIVE_ARCH = YES;
				SDKROOT = iphoneos;
				SWIFT_ACTIVE_COMPILATION_CONDITIONS = DEBUG;
				SWIFT_OPTIMIZATION_LEVEL = "-Onone";
			};
			name = Debug;
		};
		045C659023BE3B560082B270 /* Release */ = {
			isa = XCBuildConfiguration;
			buildSettings = {
				ALWAYS_SEARCH_USER_PATHS = NO;
				CLANG_ANALYZER_NONNULL = YES;
				CLANG_ANALYZER_NUMBER_OBJECT_CONVERSION = YES_AGGRESSIVE;
				CLANG_CXX_LANGUAGE_STANDARD = "gnu++14";
				CLANG_CXX_LIBRARY = "libc++";
				CLANG_ENABLE_MODULES = YES;
				CLANG_ENABLE_OBJC_ARC = YES;
				CLANG_ENABLE_OBJC_WEAK = YES;
				CLANG_WARN_BLOCK_CAPTURE_AUTORELEASING = YES;
				CLANG_WARN_BOOL_CONVERSION = YES;
				CLANG_WARN_COMMA = YES;
				CLANG_WARN_CONSTANT_CONVERSION = YES;
				CLANG_WARN_DEPRECATED_OBJC_IMPLEMENTATIONS = YES;
				CLANG_WARN_DIRECT_OBJC_ISA_USAGE = YES_ERROR;
				CLANG_WARN_DOCUMENTATION_COMMENTS = YES;
				CLANG_WARN_EMPTY_BODY = YES;
				CLANG_WARN_ENUM_CONVERSION = YES;
				CLANG_WARN_INFINITE_RECURSION = YES;
				CLANG_WARN_INT_CONVERSION = YES;
				CLANG_WARN_NON_LITERAL_NULL_CONVERSION = YES;
				CLANG_WARN_OBJC_IMPLICIT_RETAIN_SELF = YES;
				CLANG_WARN_OBJC_LITERAL_CONVERSION = YES;
				CLANG_WARN_OBJC_ROOT_CLASS = YES_ERROR;
				CLANG_WARN_RANGE_LOOP_ANALYSIS = YES;
				CLANG_WARN_STRICT_PROTOTYPES = YES;
				CLANG_WARN_SUSPICIOUS_MOVE = YES;
				CLANG_WARN_UNGUARDED_AVAILABILITY = YES_AGGRESSIVE;
				CLANG_WARN_UNREACHABLE_CODE = YES;
				CLANG_WARN__DUPLICATE_METHOD_MATCH = YES;
				COPY_PHASE_STRIP = NO;
				DEBUG_INFORMATION_FORMAT = "dwarf-with-dsym";
				ENABLE_NS_ASSERTIONS = NO;
				ENABLE_STRICT_OBJC_MSGSEND = YES;
				GCC_C_LANGUAGE_STANDARD = gnu11;
				GCC_NO_COMMON_BLOCKS = YES;
				GCC_WARN_64_TO_32_BIT_CONVERSION = YES;
				GCC_WARN_ABOUT_RETURN_TYPE = YES_ERROR;
				GCC_WARN_UNDECLARED_SELECTOR = YES;
				GCC_WARN_UNINITIALIZED_AUTOS = YES_AGGRESSIVE;
				GCC_WARN_UNUSED_FUNCTION = YES;
				GCC_WARN_UNUSED_VARIABLE = YES;
				IPHONEOS_DEPLOYMENT_TARGET = 13.2;
				MTL_ENABLE_DEBUG_INFO = NO;
				MTL_FAST_MATH = YES;
				SDKROOT = iphoneos;
				SWIFT_COMPILATION_MODE = wholemodule;
				SWIFT_OPTIMIZATION_LEVEL = "-O";
				VALIDATE_PRODUCT = YES;
			};
			name = Release;
		};
		045C659223BE3B560082B270 /* Debug */ = {
			isa = XCBuildConfiguration;
			buildSettings = {
				ASSETCATALOG_COMPILER_APPICON_NAME = AppIcon;
				CODE_SIGN_STYLE = Automatic;
				DEVELOPMENT_ASSET_PATHS = "\"Goaler-list/Preview Content\"";
				ENABLE_PREVIEWS = YES;
				INFOPLIST_FILE = "Goaler-list/Info.plist";
				LD_RUNPATH_SEARCH_PATHS = (
					"$(inherited)",
					"@executable_path/Frameworks",
				);
				PRODUCT_BUNDLE_IDENTIFIER = "hell-ptod.Goaler-list";
				PRODUCT_NAME = "$(TARGET_NAME)";
				SWIFT_VERSION = 5.0;
				TARGETED_DEVICE_FAMILY = "1,2";
			};
			name = Debug;
		};
		045C659323BE3B560082B270 /* Release */ = {
			isa = XCBuildConfiguration;
			buildSettings = {
				ASSETCATALOG_COMPILER_APPICON_NAME = AppIcon;
				CODE_SIGN_STYLE = Automatic;
				DEVELOPMENT_ASSET_PATHS = "\"Goaler-list/Preview Content\"";
				ENABLE_PREVIEWS = YES;
				INFOPLIST_FILE = "Goaler-list/Info.plist";
				LD_RUNPATH_SEARCH_PATHS = (
					"$(inherited)",
					"@executable_path/Frameworks",
				);
				PRODUCT_BUNDLE_IDENTIFIER = "hell-ptod.Goaler-list";
				PRODUCT_NAME = "$(TARGET_NAME)";
				SWIFT_VERSION = 5.0;
				TARGETED_DEVICE_FAMILY = "1,2";
			};
			name = Release;
		};
/* End XCBuildConfiguration section */

/* Begin XCConfigurationList section */
		045C657523BE3B550082B270 /* Build configuration list for PBXProject "Goaler-list" */ = {
			isa = XCConfigurationList;
			buildConfigurations = (
				045C658F23BE3B560082B270 /* Debug */,
				045C659023BE3B560082B270 /* Release */,
			);
			defaultConfigurationIsVisible = 0;
			defaultConfigurationName = Release;
		};
		045C659123BE3B560082B270 /* Build configuration list for PBXNativeTarget "Goaler-list" */ = {
			isa = XCConfigurationList;
			buildConfigurations = (
				045C659223BE3B560082B270 /* Debug */,
				045C659323BE3B560082B270 /* Release */,
			);
			defaultConfigurationIsVisible = 0;
			defaultConfigurationName = Release;
		};
/* End XCConfigurationList section */

/* Begin XCVersionGroup section */
		045C658123BE3B550082B270 /* Goaler_list.xcdatamodeld */ = {
			isa = XCVersionGroup;
			children = (
				045C658223BE3B550082B270 /* Goaler_list.xcdatamodel */,
			);
			currentVersion = 045C658223BE3B550082B270 /* Goaler_list.xcdatamodel */;
			path = Goaler_list.xcdatamodeld;
			sourceTree = "<group>";
			versionGroupType = wrapper.xcdatamodel;
		};
/* End XCVersionGroup section */
	};
	rootObject = 045C657223BE3B550082B270 /* Project object */;
}
